PODS:
  - CocoaAsyncSocket (7.6.3)
  - Crashlytics (3.10.7):
    - Fabric (~> 1.7.11)
  - Fabric (1.7.11)

DEPENDENCIES:
  - CocoaAsyncSocket
  - Crashlytics
  - Fabric

SPEC CHECKSUMS:
  CocoaAsyncSocket: eafaa68a7e0ec99ead0a7b35015e0bf25d2c8987
  Crashlytics: ccaac42660eb9351b9960c0d66106b0bcf99f4fa
  Fabric: f233c9492b3bbc1f04e3882986740f7988a58edb

PODFILE CHECKSUM: 72cda1ac9aed2aaf1ed1736c55715982c9cbe889

COCOAPODS: 1.4.0
